
Microsoft Visual Studio Solution File, Format Version 12.00
# Visual Studio Version 17
VisualStudioVersion = 17.14.36908.2 d17.14
MinimumVisualStudioVersion = 10.0.40219.1
Project("{FAE04EC0-301F-11D3-BF4B-00C04F79EFBC}") = "APICore", "APICore\APICore.csproj", "{AA5BF941-DB69-4318-BF9C-37311D697058}"
EndProject
Global
	GlobalSection(SolutionConfigurationPlatforms) = preSolution
		Debug|Any CPU = Debug|Any CPU
		Release|Any CPU = Release|Any CPU
	EndGlobalSection
	GlobalSection(ProjectConfigurationPlatforms) = postSolution
		{AA5BF941-DB69-4318-BF9C-37311D697058}.Debug|Any CPU.ActiveCfg = Debug|Any CPU
		{AA5BF941-DB69-4318-BF9C-37311D697058}.Debug|Any CPU.Build.0 = Debug|Any CPU
		{AA5BF941-DB69-4318-BF9C-37311D697058}.Release|Any CPU.ActiveCfg = Release|Any CPU
		{AA5BF941-DB69-4318-BF9C-37311D697058}.Release|Any CPU.Build.0 = Release|Any CPU
	EndGlobalSection
	GlobalSection(SolutionProperties) = preSolution
		HideSolutionNode = FALSE
	EndGlobalSection
	GlobalSection(ExtensibilityGlobals) = postSolution
		SolutionGuid = {28CD8062-1E8B-468D-9A34-2267DE8462E7}
	EndGlobalSection
EndGlobal
